
Microsoft Visual Studio Solution File, Format Version 12.00
# Visual Studio 15
VisualStudioVersion = 15.0.28010.2048
MinimumVisualStudioVersion = 10.0.40219.1
Project("{FAE04EC0-301F-11D3-BF4B-00C04F79EFBC}") = "PSH_BOne_AddOn", "PSH_BOne_AddOn.csproj", "{44975443-17EF-46CB-8C70-9B4F05050551}"
EndProject
Global
	GlobalSection(SolutionConfigurationPlatforms) = preSolution
		Debug|Any CPU = Debug|Any CPU
		Release|Any CPU = Release|Any CPU
	EndGlobalSection
	GlobalSection(ProjectConfigurationPlatforms) = postSolution
		{44975443-17EF-46CB-8C70-9B4F05050551}.Debug|Any CPU.ActiveCfg = Debug|Any CPU
		{44975443-17EF-46CB-8C70-9B4F05050551}.Debug|Any CPU.Build.0 = Debug|Any CPU
		{44975443-17EF-46CB-8C70-9B4F05050551}.Release|Any CPU.ActiveCfg = Release|Any CPU
		{44975443-17EF-46CB-8C70-9B4F05050551}.Release|Any CPU.Build.0 = Release|Any CPU
	EndGlobalSection
	GlobalSection(SolutionProperties) = preSolution
		HideSolutionNode = FALSE
	EndGlobalSection
	GlobalSection(ExtensibilityGlobals) = postSolution
		SolutionGuid = {31F178C9-7D17-4765-AB6B-041B3087DBCC}
	EndGlobalSection
EndGlobal
